
Microsoft Visual Studio Solution File, Format Version 12.00
# Visual Studio 14
VisualStudioVersion = 14.0.25420.1
MinimumVisualStudioVersion = 10.0.40219.1
Project("{E24C65DC-7377-472B-9ABA-BC803B73C61A}") = "AVAngular", "AVAngular\", "{F9A9587F-E45B-4F14-AE4D-FDF57F47DB45}"
	ProjectSection(WebsiteProperties) = preProject
		TargetFrameworkMoniker = ".NETFramework,Version%3Dv4.0"
		Debug.AspNetCompiler.VirtualPath = "/localhost_59031"
		Debug.AspNetCompiler.PhysicalPath = "AVAngular\"
		Debug.AspNetCompiler.TargetPath = "PrecompiledWeb\localhost_59031\"
		Debug.AspNetCompiler.Updateable = "false"
		Debug.AspNetCompiler.ForceOverwrite = "true"
		Debug.AspNetCompiler.FixedNames = "false"
		Debug.AspNetCompiler.Debug = "True"
		Release.AspNetCompiler.VirtualPath = "/localhost_59031"
		Release.AspNetCompiler.PhysicalPath = "AVAngular\"
		Release.AspNetCompiler.TargetPath = "PrecompiledWeb\localhost_59031\"
		Release.AspNetCompiler.Updateable = "false"
		Release.AspNetCompiler.ForceOverwrite = "true"
		Release.AspNetCompiler.FixedNames = "false"
		Release.AspNetCompiler.Debug = "False"
		VWDPort = "59031"
		SlnRelativePath = "AVAngular\"
		DefaultWebSiteLanguage = "Visual C#"
	EndProjectSection
EndProject
Project("{E24C65DC-7377-472B-9ABA-BC803B73C61A}") = "AVStayingSharp", "AVStayingSharp\", "{8819E322-D379-47D1-B9EE-D4E500D74933}"
	ProjectSection(WebsiteProperties) = preProject
		TargetFrameworkMoniker = ".NETFramework,Version%3Dv2.0"
		Debug.AspNetCompiler.VirtualPath = "/localhost_57504"
		Debug.AspNetCompiler.PhysicalPath = "AVStayingSharp\"
		Debug.AspNetCompiler.TargetPath = "PrecompiledWeb\localhost_57504\"
		Debug.AspNetCompiler.Updateable = "true"
		Debug.AspNetCompiler.ForceOverwrite = "true"
		Debug.AspNetCompiler.FixedNames = "false"
		Debug.AspNetCompiler.Debug = "True"
		Release.AspNetCompiler.VirtualPath = "/localhost_57504"
		Release.AspNetCompiler.PhysicalPath = "AVStayingSharp\"
		Release.AspNetCompiler.TargetPath = "PrecompiledWeb\localhost_57504\"
		Release.AspNetCompiler.Updateable = "true"
		Release.AspNetCompiler.ForceOverwrite = "true"
		Release.AspNetCompiler.FixedNames = "false"
		Release.AspNetCompiler.Debug = "False"
		VWDPort = "57504"
		DefaultWebSiteLanguage = "Visual C#"
	EndProjectSection
EndProject
Project("{E24C65DC-7377-472B-9ABA-BC803B73C61A}") = "AVNoteTakingApp", "AVNoteTakingApp\", "{931CDA0B-8F83-4392-82C0-1A507B875FCC}"
	ProjectSection(WebsiteProperties) = preProject
		TargetFrameworkMoniker = ".NETFramework,Version%3Dv2.0"
		Debug.AspNetCompiler.VirtualPath = "/localhost_56004"
		Debug.AspNetCompiler.PhysicalPath = "AVNoteTakingApp\"
		Debug.AspNetCompiler.TargetPath = "PrecompiledWeb\localhost_56004\"
		Debug.AspNetCompiler.Updateable = "true"
		Debug.AspNetCompiler.ForceOverwrite = "true"
		Debug.AspNetCompiler.FixedNames = "false"
		Debug.AspNetCompiler.Debug = "True"
		Release.AspNetCompiler.VirtualPath = "/localhost_56004"
		Release.AspNetCompiler.PhysicalPath = "AVNoteTakingApp\"
		Release.AspNetCompiler.TargetPath = "PrecompiledWeb\localhost_56004\"
		Release.AspNetCompiler.Updateable = "true"
		Release.AspNetCompiler.ForceOverwrite = "true"
		Release.AspNetCompiler.FixedNames = "false"
		Release.AspNetCompiler.Debug = "False"
		VWDPort = "56004"
		DefaultWebSiteLanguage = "Visual C#"
	EndProjectSection
EndProject
Global
	GlobalSection(SolutionConfigurationPlatforms) = preSolution
		Debug|Any CPU = Debug|Any CPU
	EndGlobalSection
	GlobalSection(ProjectConfigurationPlatforms) = postSolution
		{F9A9587F-E45B-4F14-AE4D-FDF57F47DB45}.Debug|Any CPU.ActiveCfg = Debug|Any CPU
		{F9A9587F-E45B-4F14-AE4D-FDF57F47DB45}.Debug|Any CPU.Build.0 = Debug|Any CPU
		{8819E322-D379-47D1-B9EE-D4E500D74933}.Debug|Any CPU.ActiveCfg = Debug|Any CPU
		{8819E322-D379-47D1-B9EE-D4E500D74933}.Debug|Any CPU.Build.0 = Debug|Any CPU
		{931CDA0B-8F83-4392-82C0-1A507B875FCC}.Debug|Any CPU.ActiveCfg = Debug|Any CPU
		{931CDA0B-8F83-4392-82C0-1A507B875FCC}.Debug|Any CPU.Build.0 = Debug|Any CPU
	EndGlobalSection
	GlobalSection(SolutionProperties) = preSolution
		HideSolutionNode = FALSE
	EndGlobalSection
EndGlobal
